
Microsoft Visual Studio Solution File, Format Version 12.00
# Visual Studio Version 17
VisualStudioVersion = 17.3.32922.545
MinimumVisualStudioVersion = 10.0.40219.1
Project("{FAE04EC0-301F-11D3-BF4B-00C04F79EFBC}") = "exercicio_s3_23", "exercicio_s3_23\exercicio_s3_23.csproj", "{DC311E81-B1E5-4E68-BEF1-6B59857448FC}"
EndProject
Global
	GlobalSection(SolutionConfigurationPlatforms) = preSolution
		Debug|Any CPU = Debug|Any CPU
		Release|Any CPU = Release|Any CPU
	EndGlobalSection
	GlobalSection(ProjectConfigurationPlatforms) = postSolution
		{DC311E81-B1E5-4E68-BEF1-6B59857448FC}.Debug|Any CPU.ActiveCfg = Debug|Any CPU
		{DC311E81-B1E5-4E68-BEF1-6B59857448FC}.Debug|Any CPU.Build.0 = Debug|Any CPU
		{DC311E81-B1E5-4E68-BEF1-6B59857448FC}.Release|Any CPU.ActiveCfg = Release|Any CPU
		{DC311E81-B1E5-4E68-BEF1-6B59857448FC}.Release|Any CPU.Build.0 = Release|Any CPU
	EndGlobalSection
	GlobalSection(SolutionProperties) = preSolution
		HideSolutionNode = FALSE
	EndGlobalSection
	GlobalSection(ExtensibilityGlobals) = postSolution
		SolutionGuid = {9A5C1182-1077-448F-BC97-63E28604001F}
	EndGlobalSection
EndGlobal
